<?xml version="1.0" encoding="utf-8"?>
<Project ToolsVersion="4.0" xmlns="http://schemas.microsoft.com/developer/msbuild/2003">
  <ItemGroup>
    <Filter Include="리소스 파일">
      <UniqueIdentifier>{67DA6AB6-F800-4c08-8B7A-83BB121AAD01}</UniqueIdentifier>
      <Extensions>rc;ico;cur;bmp;dlg;rc2;rct;bin;rgs;gif;jpg;jpeg;jpe;resx;tiff;tif;png;wav;mfcribbon-ms</Extensions>
    </Filter>
    <Filter Include="Contents">
      <UniqueIdentifier>{e70e4f40-d8e5-4e3a-9b58-27c39ef02c5b}</UniqueIdentifier>
    </Filter>
    <Filter Include="Engine">
      <UniqueIdentifier>{93c72bce-ee40-4f3f-99b6-b504d17e6e8f}</UniqueIdentifier>
    </Filter>
    <Filter Include="main">
      <UniqueIdentifier>{2ea0919c-5599-4ee2-9b4d-26c58be962aa}</UniqueIdentifier>
    </Filter>
    <Filter Include="Engine\Common">
      <UniqueIdentifier>{6b12bbfa-cfdf-42e8-802a-7ad3751845c4}</UniqueIdentifier>
    </Filter>
    <Filter Include="Engine\Component">
      <UniqueIdentifier>{7dada516-018e-4f4b-974b-bb37d1d4a8bd}</UniqueIdentifier>
    </Filter>
    <Filter Include="Engine\GameObject">
      <UniqueIdentifier>{4aa0866b-b60c-4509-a43b-a08661e338f8}</UniqueIdentifier>
    </Filter>
    <Filter Include="Engine\High Level Interface">
      <UniqueIdentifier>{76a91efe-2416-40ad-8fab-fe7fa616849f}</UniqueIdentifier>
    </Filter>
    <Filter Include="Engine\Input">
      <UniqueIdentifier>{c469c5d9-1e19-4b4c-bae9-5f29209adebd}</UniqueIdentifier>
    </Filter>
    <Filter Include="Engine\Layer">
      <UniqueIdentifier>{83bd64cd-106c-43e3-9ddd-39ad5153f9e5}</UniqueIdentifier>
    </Filter>
    <Filter Include="Engine\Scene">
      <UniqueIdentifier>{765eb9f0-96ad-46f1-9e0d-4ed1137f6cde}</UniqueIdentifier>
    </Filter>
    <Filter Include="Engine\Time">
      <UniqueIdentifier>{0f40f316-7cbb-4aa7-a9ca-ea487d8f9277}</UniqueIdentifier>
    </Filter>
    <Filter Include="Contents\Scene">
      <UniqueIdentifier>{65062ebe-9e82-4d8f-9139-fa4ed53d4c0d}</UniqueIdentifier>
    </Filter>
    <Filter Include="Contents\Player">
      <UniqueIdentifier>{102e2bb9-3bc2-43f7-8011-d57757324e12}</UniqueIdentifier>
    </Filter>
    <Filter Include="Contents\BackGround">
      <UniqueIdentifier>{37f497b2-b833-49e8-9157-55b7df4bd1d9}</UniqueIdentifier>
    </Filter>
    <Filter Include="Engine\Resource">
      <UniqueIdentifier>{aa86cdf9-5e83-48e6-afb6-44739cef1c19}</UniqueIdentifier>
    </Filter>
    <Filter Include="Contents\Weapon">
      <UniqueIdentifier>{b1a6a93d-39da-438a-b983-2b816323a838}</UniqueIdentifier>
    </Filter>
    <Filter Include="Contents\Weapon\Bullet">
      <UniqueIdentifier>{0aa414ab-887c-450b-83eb-5c1092fa9773}</UniqueIdentifier>
    </Filter>
    <Filter Include="Contents\Monster">
      <UniqueIdentifier>{3e81c787-7eb0-471c-85e6-a0ff327d1dd2}</UniqueIdentifier>
    </Filter>
    <Filter Include="Engine\Component\Collider">
      <UniqueIdentifier>{e2522aba-b5cd-4b43-bea0-3fb0ad4168b8}</UniqueIdentifier>
    </Filter>
    <Filter Include="Contents\TitleBird">
      <UniqueIdentifier>{92eac3fc-2f40-40fb-b3c0-37e499aa612d}</UniqueIdentifier>
    </Filter>
    <Filter Include="Contents\Platform">
      <UniqueIdentifier>{2851e63e-6d8d-4345-be42-c4d74eddf395}</UniqueIdentifier>
    </Filter>
    <Filter Include="Engine\Component\Animator">
      <UniqueIdentifier>{2d97e72f-c421-4a3f-b771-df2548a4eac9}</UniqueIdentifier>
    </Filter>
    <Filter Include="Engine\Component\Transform">
      <UniqueIdentifier>{da164047-dfaf-42c8-97ad-d55fc49165ee}</UniqueIdentifier>
    </Filter>
    <Filter Include="Engine\Component\SpriteRenderer">
      <UniqueIdentifier>{83a6e496-a783-4584-b736-757471381864}</UniqueIdentifier>
    </Filter>
    <Filter Include="Engine\Component\RigidBody">
      <UniqueIdentifier>{dca39a84-4621-455d-89cd-ca137909d594}</UniqueIdentifier>
    </Filter>
    <Filter Include="Engine\Camera">
      <UniqueIdentifier>{ac292fd6-9e54-4701-9f7a-6ef64d12eb61}</UniqueIdentifier>
    </Filter>
    <Filter Include="Engine\Mouse">
      <UniqueIdentifier>{c6df2d12-3a8c-44ef-8790-f739cf66910e}</UniqueIdentifier>
    </Filter>
    <Filter Include="Contents\Ground">
      <UniqueIdentifier>{bdf5f0af-f0c4-46eb-a5fa-a71e5346cf4a}</UniqueIdentifier>
    </Filter>
  </ItemGroup>
  <ItemGroup>
    <ClInclude Include="CommonInclude.h">
      <Filter>Engine\Common</Filter>
    </ClInclude>
    <ClInclude Include="Client.h">
      <Filter>main</Filter>
    </ClInclude>
    <ClInclude Include="framework.h">
      <Filter>main</Filter>
    </ClInclude>
    <ClInclude Include="Resource.h">
      <Filter>main</Filter>
    </ClInclude>
    <ClInclude Include="targetver.h">
      <Filter>main</Filter>
    </ClInclude>
    <ClInclude Include="hjEntity.h">
      <Filter>Engine\Common</Filter>
    </ClInclude>
    <ClInclude Include="hjEnums.h">
      <Filter>Engine\Common</Filter>
    </ClInclude>
    <ClInclude Include="HjHjEngine.h">
      <Filter>Engine\Common</Filter>
    </ClInclude>
    <ClInclude Include="hjMath.h">
      <Filter>Engine\Common</Filter>
    </ClInclude>
    <ClInclude Include="hjComponent.h">
      <Filter>Engine\Component</Filter>
    </ClInclude>
    <ClInclude Include="hjGameObject.h">
      <Filter>Engine\GameObject</Filter>
    </ClInclude>
    <ClInclude Include="hjApplication.h">
      <Filter>Engine\High Level Interface</Filter>
    </ClInclude>
    <ClInclude Include="hjInput.h">
      <Filter>Engine\Input</Filter>
    </ClInclude>
    <ClInclude Include="hjLayer.h">
      <Filter>Engine\Layer</Filter>
    </ClInclude>
    <ClInclude Include="hjScene.h">
      <Filter>Engine\Scene</Filter>
    </ClInclude>
    <ClInclude Include="hjSceneManager.h">
      <Filter>Engine\Scene</Filter>
    </ClInclude>
    <ClInclude Include="hjTime.h">
      <Filter>Engine\Time</Filter>
    </ClInclude>
    <ClInclude Include="hjHero.h">
      <Filter>Contents\Player</Filter>
    </ClInclude>
    <ClInclude Include="hjPlayScene.h">
      <Filter>Contents\Scene</Filter>
    </ClInclude>
    <ClInclude Include="hjBackGround.h">
      <Filter>Contents\BackGround</Filter>
    </ClInclude>
    <ClInclude Include="hjResource.h">
      <Filter>Engine\Resource</Filter>
    </ClInclude>
    <ClInclude Include="hjRscManager.h">
      <Filter>Engine\Resource</Filter>
    </ClInclude>
    <ClInclude Include="hjImage.h">
      <Filter>Engine\Resource</Filter>
    </ClInclude>
    <ClInclude Include="hjTitleScene.h">
      <Filter>Contents\Scene</Filter>
    </ClInclude>
    <ClInclude Include="hjWmanager.h">
      <Filter>Contents\Weapon</Filter>
    </ClInclude>
    <ClInclude Include="hjBaseBullet.h">
      <Filter>Contents\Weapon\Bullet</Filter>
    </ClInclude>
    <ClInclude Include="hjMonster.h">
      <Filter>Contents\Monster</Filter>
    </ClInclude>
    <ClInclude Include="hjCollider.h">
      <Filter>Engine\Component\Collider</Filter>
    </ClInclude>
    <ClInclude Include="hjCollisionManager.h">
      <Filter>Engine\Component\Collider</Filter>
    </ClInclude>
    <ClInclude Include="hjBird.h">
      <Filter>Contents\TitleBird</Filter>
    </ClInclude>
    <ClInclude Include="hjObject.h">
      <Filter>Engine\GameObject</Filter>
    </ClInclude>
    <ClInclude Include="hjPlatform.h">
      <Filter>Contents\Platform</Filter>
    </ClInclude>
    <ClInclude Include="hjSword.h">
      <Filter>Contents\Weapon</Filter>
    </ClInclude>
    <ClInclude Include="hjWeapon.h">
      <Filter>Contents\Weapon</Filter>
    </ClInclude>
    <ClInclude Include="hjAnimator.h">
      <Filter>Engine\Component\Animator</Filter>
    </ClInclude>
    <ClInclude Include="hjAnimation.h">
      <Filter>Engine\Component\Animator</Filter>
    </ClInclude>
    <ClInclude Include="hjTransform.h">
      <Filter>Engine\Component\Transform</Filter>
    </ClInclude>
    <ClInclude Include="hjSpriteRenderer.h">
      <Filter>Engine\Component\SpriteRenderer</Filter>
    </ClInclude>
    <ClInclude Include="hjCamera.h">
      <Filter>Engine\Camera</Filter>
    </ClInclude>
    <ClInclude Include="hjMouse.h">
      <Filter>Engine\Mouse</Filter>
    </ClInclude>
    <ClInclude Include="hjRigidBody.h">
      <Filter>Engine\Component\RigidBody</Filter>
    </ClInclude>
    <ClInclude Include="hjGround.h">
      <Filter>Contents\Ground</Filter>
    </ClInclude>
  </ItemGroup>
  <ItemGroup>
    <ResourceCompile Include="Dungreed.rc">
      <Filter>리소스 파일</Filter>
    </ResourceCompile>
  </ItemGroup>
  <ItemGroup>
    <Image Include="small.ico">
      <Filter>리소스 파일</Filter>
    </Image>
    <Image Include="Dungreed.ico">
      <Filter>리소스 파일</Filter>
    </Image>
  </ItemGroup>
  <ItemGroup>
    <ClCompile Include="main.cpp">
      <Filter>main</Filter>
    </ClCompile>
    <ClCompile Include="hjEntity.cpp">
      <Filter>Engine\Common</Filter>
    </ClCompile>
    <ClCompile Include="hjMath.cpp">
      <Filter>Engine\Common</Filter>
    </ClCompile>
    <ClCompile Include="hjComponent.cpp">
      <Filter>Engine\Component</Filter>
    </ClCompile>
    <ClCompile Include="hjGameObject.cpp">
      <Filter>Engine\GameObject</Filter>
    </ClCompile>
    <ClCompile Include="hjApplication.cpp">
      <Filter>Engine\High Level Interface</Filter>
    </ClCompile>
    <ClCompile Include="hjInput.cpp">
      <Filter>Engine\Input</Filter>
    </ClCompile>
    <ClCompile Include="hjLayer.cpp">
      <Filter>Engine\Layer</Filter>
    </ClCompile>
    <ClCompile Include="hjScene.cpp">
      <Filter>Engine\Scene</Filter>
    </ClCompile>
    <ClCompile Include="hjSceneManager.cpp">
      <Filter>Engine\Scene</Filter>
    </ClCompile>
    <ClCompile Include="hjTime.cpp">
      <Filter>Engine\Time</Filter>
    </ClCompile>
    <ClCompile Include="hjHero.cpp">
      <Filter>Contents\Player</Filter>
    </ClCompile>
    <ClCompile Include="hjPlayScene.cpp">
      <Filter>Contents\Scene</Filter>
    </ClCompile>
    <ClCompile Include="hjBackGround.cpp">
      <Filter>Contents\BackGround</Filter>
    </ClCompile>
    <ClCompile Include="hjResource.cpp">
      <Filter>Engine\Resource</Filter>
    </ClCompile>
    <ClCompile Include="hjRscManager.cpp">
      <Filter>Engine\Resource</Filter>
    </ClCompile>
    <ClCompile Include="hjImage.cpp">
      <Filter>Engine\Resource</Filter>
    </ClCompile>
    <ClCompile Include="hjTitleScene.cpp">
      <Filter>Contents\Scene</Filter>
    </ClCompile>
    <ClCompile Include="hjWmanager.cpp">
      <Filter>Contents\Weapon</Filter>
    </ClCompile>
    <ClCompile Include="hjBaseBullet.cpp">
      <Filter>Contents\Weapon\Bullet</Filter>
    </ClCompile>
    <ClCompile Include="hjMonster.cpp">
      <Filter>Contents\Monster</Filter>
    </ClCompile>
    <ClCompile Include="hjCollider.cpp">
      <Filter>Engine\Component\Collider</Filter>
    </ClCompile>
    <ClCompile Include="hjCollisionManager.cpp">
      <Filter>Engine\Component\Collider</Filter>
    </ClCompile>
    <ClCompile Include="hjBird.cpp">
      <Filter>Contents\TitleBird</Filter>
    </ClCompile>
    <ClCompile Include="hjPlatform.cpp">
      <Filter>Contents\Platform</Filter>
    </ClCompile>
    <ClCompile Include="hjSword.cpp">
      <Filter>Contents\Weapon</Filter>
    </ClCompile>
    <ClCompile Include="hjWeapon.cpp">
      <Filter>Contents\Weapon</Filter>
    </ClCompile>
    <ClCompile Include="hjAnimator.cpp">
      <Filter>Engine\Component\Animator</Filter>
    </ClCompile>
    <ClCompile Include="hjAnimation.cpp">
      <Filter>Engine\Component\Animator</Filter>
    </ClCompile>
    <ClCompile Include="hjTransform.cpp">
      <Filter>Engine\Component\Transform</Filter>
    </ClCompile>
    <ClCompile Include="hjSpriteRenderer.cpp">
      <Filter>Engine\Component\SpriteRenderer</Filter>
    </ClCompile>
    <ClCompile Include="hjCamera.cpp">
      <Filter>Engine\Camera</Filter>
    </ClCompile>
    <ClCompile Include="hjMouse.cpp">
      <Filter>Engine\Mouse</Filter>
    </ClCompile>
    <ClCompile Include="hjRigidBody.cpp">
      <Filter>Engine\Component\RigidBody</Filter>
    </ClCompile>
    <ClCompile Include="hjGround.cpp">
      <Filter>Contents\Ground</Filter>
    </ClCompile>
  </ItemGroup>
</Project>